// !$*UTF8*$!
{
	archiveVersion = 1;
	classes = {
	};
	objectVersion = 77;
	objects = {

/* Begin PBXBuildFile section */
		20E723EA2DCF211900DCDBAE /* Data in Frameworks */ = {isa = PBXBuildFile; productRef = 20E723E92DCF211900DCDBAE /* Data */; };
		20E723EC2DCF211900DCDBAE /* Domain in Frameworks */ = {isa = PBXBuildFile; productRef = 20E723EB2DCF211900DCDBAE /* Domain */; };
		20E723EE2DCF211900DCDBAE /* Presentation in Frameworks */ = {isa = PBXBuildFile; productRef = 20E723ED2DCF211900DCDBAE /* Presentation */; };
/* End PBXBuildFile section */

/* Begin PBXContainerItemProxy section */
		20E7232E2DCF0B0B00DCDBAE /* PBXContainerItemProxy */ = {
			isa = PBXContainerItemProxy;
			containerPortal = 20E723152DCF0B0A00DCDBAE /* Project object */;
			proxyType = 1;
			remoteGlobalIDString = 20E7231C2DCF0B0A00DCDBAE;
			remoteInfo = GitHubTestQuyenLy;
		};
		20E723382DCF0B0B00DCDBAE /* PBXContainerItemProxy */ = {
			isa = PBXContainerItemProxy;
			containerPortal = 20E723152DCF0B0A00DCDBAE /* Project object */;
			proxyType = 1;
			remoteGlobalIDString = 20E7231C2DCF0B0A00DCDBAE;
			remoteInfo = GitHubTestQuyenLy;
		};
/* End PBXContainerItemProxy section */

/* Begin PBXFileReference section */
		20E7231D2DCF0B0A00DCDBAE /* GitHubTestQuyenLy.app */ = {isa = PBXFileReference; explicitFileType = wrapper.application; includeInIndex = 0; path = GitHubTestQuyenLy.app; sourceTree = BUILT_PRODUCTS_DIR; };
		20E7232D2DCF0B0B00DCDBAE /* GitHubTestQuyenLyTests.xctest */ = {isa = PBXFileReference; explicitFileType = wrapper.cfbundle; includeInIndex = 0; path = GitHubTestQuyenLyTests.xctest; sourceTree = BUILT_PRODUCTS_DIR; };
		20E723372DCF0B0B00DCDBAE /* GitHubTestQuyenLyUITests.xctest */ = {isa = PBXFileReference; explicitFileType = wrapper.cfbundle; includeInIndex = 0; path = GitHubTestQuyenLyUITests.xctest; sourceTree = BUILT_PRODUCTS_DIR; };
/* End PBXFileReference section */

/* Begin PBXFileSystemSynchronizedRootGroup section */
		20E7231F2DCF0B0A00DCDBAE /* GitHubTestQuyenLy */ = {
			isa = PBXFileSystemSynchronizedRootGroup;
			path = GitHubTestQuyenLy;
			sourceTree = "<group>";
		};
		20E723302DCF0B0B00DCDBAE /* GitHubTestQuyenLyTests */ = {
			isa = PBXFileSystemSynchronizedRootGroup;
			path = GitHubTestQuyenLyTests;
			sourceTree = "<group>";
		};
		20E7233A2DCF0B0B00DCDBAE /* GitHubTestQuyenLyUITests */ = {
			isa = PBXFileSystemSynchronizedRootGroup;
			path = GitHubTestQuyenLyUITests;
			sourceTree = "<group>";
		};
		20E7234A2DCF0B0F00DCDBAE /* Modules */ = {
			isa = PBXFileSystemSynchronizedRootGroup;
			path = Modules;
			sourceTree = "<group>";
		};
/* End PBXFileSystemSynchronizedRootGroup section */

/* Begin PBXFrameworksBuildPhase section */
		20E7231A2DCF0B0A00DCDBAE /* Frameworks */ = {
			isa = PBXFrameworksBuildPhase;
			buildActionMask = 2147483647;
			files = (
				20E723EC2DCF211900DCDBAE /* Domain in Frameworks */,
				20E723EE2DCF211900DCDBAE /* Presentation in Frameworks */,
				20E723EA2DCF211900DCDBAE /* Data in Frameworks */,
			);
			runOnlyForDeploymentPostprocessing = 0;
		};
		20E7232A2DCF0B0B00DCDBAE /* Frameworks */ = {
			isa = PBXFrameworksBuildPhase;
			buildActionMask = 2147483647;
			files = (
			);
			runOnlyForDeploymentPostprocessing = 0;
		};
		20E723342DCF0B0B00DCDBAE /* Frameworks */ = {
			isa = PBXFrameworksBuildPhase;
			buildActionMask = 2147483647;
			files = (
			);
			runOnlyForDeploymentPostprocessing = 0;
		};
/* End PBXFrameworksBuildPhase section */

/* Begin PBXGroup section */
		20E723142DCF0B0A00DCDBAE = {
			isa = PBXGroup;
			children = (
				20E7234A2DCF0B0F00DCDBAE /* Modules */,
				20E7231F2DCF0B0A00DCDBAE /* GitHubTestQuyenLy */,
				20E723302DCF0B0B00DCDBAE /* GitHubTestQuyenLyTests */,
				20E7233A2DCF0B0B00DCDBAE /* GitHubTestQuyenLyUITests */,
				20E723E82DCF211900DCDBAE /* Frameworks */,
				20E7231E2DCF0B0A00DCDBAE /* Products */,
			);
			sourceTree = "<group>";
		};
		20E7231E2DCF0B0A00DCDBAE /* Products */ = {
			isa = PBXGroup;
			children = (
				20E7231D2DCF0B0A00DCDBAE /* GitHubTestQuyenLy.app */,
				20E7232D2DCF0B0B00DCDBAE /* GitHubTestQuyenLyTests.xctest */,
				20E723372DCF0B0B00DCDBAE /* GitHubTestQuyenLyUITests.xctest */,
			);
			name = Products;
			sourceTree = "<group>";
		};
		20E723E82DCF211900DCDBAE /* Frameworks */ = {
			isa = PBXGroup;
			children = (
			);
			name = Frameworks;
			sourceTree = "<group>";
		};
/* End PBXGroup section */

/* Begin PBXNativeTarget section */
		20E7231C2DCF0B0A00DCDBAE /* GitHubTestQuyenLy */ = {
			isa = PBXNativeTarget;
			buildConfigurationList = 20E723412DCF0B0B00DCDBAE /* Build configuration list for PBXNativeTarget "GitHubTestQuyenLy" */;
			buildPhases = (
				20E723192DCF0B0A00DCDBAE /* Sources */,
				20E7231A2DCF0B0A00DCDBAE /* Frameworks */,
				20E7231B2DCF0B0A00DCDBAE /* Resources */,
			);
			buildRules = (
			);
			dependencies = (
			);
			fileSystemSynchronizedGroups = (
				20E7231F2DCF0B0A00DCDBAE /* GitHubTestQuyenLy */,
				20E7234A2DCF0B0F00DCDBAE /* Modules */,
			);
			name = GitHubTestQuyenLy;
			packageProductDependencies = (
				20E723E92DCF211900DCDBAE /* Data */,
				20E723EB2DCF211900DCDBAE /* Domain */,
				20E723ED2DCF211900DCDBAE /* Presentation */,
			);
			productName = GitHubTestQuyenLy;
			productReference = 20E7231D2DCF0B0A00DCDBAE /* GitHubTestQuyenLy.app */;
			productType = "com.apple.product-type.application";
		};
		20E7232C2DCF0B0B00DCDBAE /* GitHubTestQuyenLyTests */ = {
			isa = PBXNativeTarget;
			buildConfigurationList = 20E723442DCF0B0B00DCDBAE /* Build configuration list for PBXNativeTarget "GitHubTestQuyenLyTests" */;
			buildPhases = (
				20E723292DCF0B0B00DCDBAE /* Sources */,
				20E7232A2DCF0B0B00DCDBAE /* Frameworks */,
				20E7232B2DCF0B0B00DCDBAE /* Resources */,
			);
			buildRules = (
			);
			dependencies = (
				20E7232F2DCF0B0B00DCDBAE /* PBXTargetDependency */,
			);
			fileSystemSynchronizedGroups = (
				20E723302DCF0B0B00DCDBAE /* GitHubTestQuyenLyTests */,
			);
			name = GitHubTestQuyenLyTests;
			packageProductDependencies = (
			);
			productName = GitHubTestQuyenLyTests;
			productReference = 20E7232D2DCF0B0B00DCDBAE /* GitHubTestQuyenLyTests.xctest */;
			productType = "com.apple.product-type.bundle.unit-test";
		};
		20E723362DCF0B0B00DCDBAE /* GitHubTestQuyenLyUITests */ = {
			isa = PBXNativeTarget;
			buildConfigurationList = 20E723472DCF0B0B00DCDBAE /* Build configuration list for PBXNativeTarget "GitHubTestQuyenLyUITests" */;
			buildPhases = (
				20E723332DCF0B0B00DCDBAE /* Sources */,
				20E723342DCF0B0B00DCDBAE /* Frameworks */,
				20E723352DCF0B0B00DCDBAE /* Resources */,
			);
			buildRules = (
			);
			dependencies = (
				20E723392DCF0B0B00DCDBAE /* PBXTargetDependency */,
			);
			fileSystemSynchronizedGroups = (
				20E7233A2DCF0B0B00DCDBAE /* GitHubTestQuyenLyUITests */,
			);
			name = GitHubTestQuyenLyUITests;
			packageProductDependencies = (
			);
			productName = GitHubTestQuyenLyUITests;
			productReference = 20E723372DCF0B0B00DCDBAE /* GitHubTestQuyenLyUITests.xctest */;
			productType = "com.apple.product-type.bundle.ui-testing";
		};
/* End PBXNativeTarget section */

/* Begin PBXProject section */
		20E723152DCF0B0A00DCDBAE /* Project object */ = {
			isa = PBXProject;
			attributes = {
				BuildIndependentTargetsInParallel = 1;
				LastSwiftUpdateCheck = 1620;
				LastUpgradeCheck = 1620;
				TargetAttributes = {
					20E7231C2DCF0B0A00DCDBAE = {
						CreatedOnToolsVersion = 16.2;
					};
					20E7232C2DCF0B0B00DCDBAE = {
						CreatedOnToolsVersion = 16.2;
						TestTargetID = 20E7231C2DCF0B0A00DCDBAE;
					};
					20E723362DCF0B0B00DCDBAE = {
						CreatedOnToolsVersion = 16.2;
						TestTargetID = 20E7231C2DCF0B0A00DCDBAE;
					};
				};
			};
			buildConfigurationList = 20E723182DCF0B0A00DCDBAE /* Build configuration list for PBXProject "GitHubTestQuyenLy" */;
			developmentRegion = en;
			hasScannedForEncodings = 0;
			knownRegions = (
				en,
				Base,
			);
			mainGroup = 20E723142DCF0B0A00DCDBAE;
			minimizedProjectReferenceProxies = 1;
			preferredProjectObjectVersion = 77;
			productRefGroup = 20E7231E2DCF0B0A00DCDBAE /* Products */;
			projectDirPath = "";
			projectRoot = "";
			targets = (
				20E7231C2DCF0B0A00DCDBAE /* GitHubTestQuyenLy */,
				20E7232C2DCF0B0B00DCDBAE /* GitHubTestQuyenLyTests */,
				20E723362DCF0B0B00DCDBAE /* GitHubTestQuyenLyUITests */,
			);
		};
/* End PBXProject section */

/* Begin PBXResourcesBuildPhase section */
		20E7231B2DCF0B0A00DCDBAE /* Resources */ = {
			isa = PBXResourcesBuildPhase;
			buildActionMask = 2147483647;
			files = (
			);
			runOnlyForDeploymentPostprocessing = 0;
		};
		20E7232B2DCF0B0B00DCDBAE /* Resources */ = {
			isa = PBXResourcesBuildPhase;
			buildActionMask = 2147483647;
			files = (
			);
			runOnlyForDeploymentPostprocessing = 0;
		};
		20E723352DCF0B0B00DCDBAE /* Resources */ = {
			isa = PBXResourcesBuildPhase;
			buildActionMask = 2147483647;
			files = (
			);
			runOnlyForDeploymentPostprocessing = 0;
		};
/* End PBXResourcesBuildPhase section */

/* Begin PBXSourcesBuildPhase section */
		20E723192DCF0B0A00DCDBAE /* Sources */ = {
			isa = PBXSourcesBuildPhase;
			buildActionMask = 2147483647;
			files = (
			);
			runOnlyForDeploymentPostprocessing = 0;
		};
		20E723292DCF0B0B00DCDBAE /* Sources */ = {
			isa = PBXSourcesBuildPhase;
			buildActionMask = 2147483647;
			files = (
			);
			runOnlyForDeploymentPostprocessing = 0;
		};
		20E723332DCF0B0B00DCDBAE /* Sources */ = {
			isa = PBXSourcesBuildPhase;
			buildActionMask = 2147483647;
			files = (
			);
			runOnlyForDeploymentPostprocessing = 0;
		};
/* End PBXSourcesBuildPhase section */

/* Begin PBXTargetDependency section */
		20E7232F2DCF0B0B00DCDBAE /* PBXTargetDependency */ = {
			isa = PBXTargetDependency;
			target = 20E7231C2DCF0B0A00DCDBAE /* GitHubTestQuyenLy */;
			targetProxy = 20E7232E2DCF0B0B00DCDBAE /* PBXContainerItemProxy */;
		};
		20E723392DCF0B0B00DCDBAE /* PBXTargetDependency */ = {
			isa = PBXTargetDependency;
			target = 20E7231C2DCF0B0A00DCDBAE /* GitHubTestQuyenLy */;
			targetProxy = 20E723382DCF0B0B00DCDBAE /* PBXContainerItemProxy */;
		};
/* End PBXTargetDependency section */

/* Begin XCBuildConfiguration section */
		20E7233F2DCF0B0B00DCDBAE /* Debug */ = {
			isa = XCBuildConfiguration;
			buildSettings = {
				ALWAYS_SEARCH_USER_PATHS = NO;
				ASSETCATALOG_COMPILER_GENERATE_SWIFT_ASSET_SYMBOL_EXTENSIONS = YES;
				CLANG_ANALYZER_NONNULL = YES;
				CLANG_ANALYZER_NUMBER_OBJECT_CONVERSION = YES_AGGRESSIVE;
				CLANG_CXX_LANGUAGE_STANDARD = "gnu++20";
				CLANG_ENABLE_MODULES = YES;
				CLANG_ENABLE_OBJC_ARC = YES;
				CLANG_ENABLE_OBJC_WEAK = YES;
				CLANG_WARN_BLOCK_CAPTURE_AUTORELEASING = YES;
				CLANG_WARN_BOOL_CONVERSION = YES;
				CLANG_WARN_COMMA = YES;
				CLANG_WARN_CONSTANT_CONVERSION = YES;
				CLANG_WARN_DEPRECATED_OBJC_IMPLEMENTATIONS = YES;
				CLANG_WARN_DIRECT_OBJC_ISA_USAGE = YES_ERROR;
				CLANG_WARN_DOCUMENTATION_COMMENTS = YES;
				CLANG_WARN_EMPTY_BODY = YES;
				CLANG_WARN_ENUM_CONVERSION = YES;
				CLANG_WARN_INFINITE_RECURSION = YES;
				CLANG_WARN_INT_CONVERSION = YES;
				CLANG_WARN_NON_LITERAL_NULL_CONVERSION = YES;
				CLANG_WARN_OBJC_IMPLICIT_RETAIN_SELF = YES;
				CLANG_WARN_OBJC_LITERAL_CONVERSION = YES;
				CLANG_WARN_OBJC_ROOT_CLASS = YES_ERROR;
				CLANG_WARN_QUOTED_INCLUDE_IN_FRAMEWORK_HEADER = YES;
				CLANG_WARN_RANGE_LOOP_ANALYSIS = YES;
				CLANG_WARN_STRICT_PROTOTYPES = YES;
				CLANG_WARN_SUSPICIOUS_MOVE = YES;
				CLANG_WARN_UNGUARDED_AVAILABILITY = YES_AGGRESSIVE;
				CLANG_WARN_UNREACHABLE_CODE = YES;
				CLANG_WARN__DUPLICATE_METHOD_MATCH = YES;
				COPY_PHASE_STRIP = NO;
				DEBUG_INFORMATION_FORMAT = dwarf;
				ENABLE_STRICT_OBJC_MSGSEND = YES;
				ENABLE_TESTABILITY = YES;
				ENABLE_USER_SCRIPT_SANDBOXING = YES;
				GCC_C_LANGUAGE_STANDARD = gnu17;
				GCC_DYNAMIC_NO_PIC = NO;
				GCC_NO_COMMON_BLOCKS = YES;
				GCC_OPTIMIZATION_LEVEL = 0;
				GCC_PREPROCESSOR_DEFINITIONS = (
					"DEBUG=1",
					"$(inherited)",
				);
				GCC_WARN_64_TO_32_BIT_CONVERSION = YES;
				GCC_WARN_ABOUT_RETURN_TYPE = YES_ERROR;
				GCC_WARN_UNDECLARED_SELECTOR = YES;
				GCC_WARN_UNINITIALIZED_AUTOS = YES_AGGRESSIVE;
				GCC_WARN_UNUSED_FUNCTION = YES;
				GCC_WARN_UNUSED_VARIABLE = YES;
				IPHONEOS_DEPLOYMENT_TARGET = 18.2;
				LOCALIZATION_PREFERS_STRING_CATALOGS = YES;
				MTL_ENABLE_DEBUG_INFO = INCLUDE_SOURCE;
				MTL_FAST_MATH = YES;
				ONLY_ACTIVE_ARCH = YES;
				SDKROOT = iphoneos;
				SWIFT_ACTIVE_COMPILATION_CONDITIONS = "DEBUG $(inherited)";
				SWIFT_OPTIMIZATION_LEVEL = "-Onone";
			};
			name = Debug;
		};
		20E723402DCF0B0B00DCDBAE /* Release */ = {
			isa = XCBuildConfiguration;
			buildSettings = {
				ALWAYS_SEARCH_USER_PATHS = NO;
				ASSETCATALOG_COMPILER_GENERATE_SWIFT_ASSET_SYMBOL_EXTENSIONS = YES;
				CLANG_ANALYZER_NONNULL = YES;
				CLANG_ANALYZER_NUMBER_OBJECT_CONVERSION = YES_AGGRESSIVE;
				CLANG_CXX_LANGUAGE_STANDARD = "gnu++20";
				CLANG_ENABLE_MODULES = YES;
				CLANG_ENABLE_OBJC_ARC = YES;
				CLANG_ENABLE_OBJC_WEAK = YES;
				CLANG_WARN_BLOCK_CAPTURE_AUTORELEASING = YES;
				CLANG_WARN_BOOL_CONVERSION = YES;
				CLANG_WARN_COMMA = YES;
				CLANG_WARN_CONSTANT_CONVERSION = YES;
				CLANG_WARN_DEPRECATED_OBJC_IMPLEMENTATIONS = YES;
				CLANG_WARN_DIRECT_OBJC_ISA_USAGE = YES_ERROR;
				CLANG_WARN_DOCUMENTATION_COMMENTS = YES;
				CLANG_WARN_EMPTY_BODY = YES;
				CLANG_WARN_ENUM_CONVERSION = YES;
				CLANG_WARN_INFINITE_RECURSION = YES;
				CLANG_WARN_INT_CONVERSION = YES;
				CLANG_WARN_NON_LITERAL_NULL_CONVERSION = YES;
				CLANG_WARN_OBJC_IMPLICIT_RETAIN_SELF = YES;
				CLANG_WARN_OBJC_LITERAL_CONVERSION = YES;
				CLANG_WARN_OBJC_ROOT_CLASS = YES_ERROR;
				CLANG_WARN_QUOTED_INCLUDE_IN_FRAMEWORK_HEADER = YES;
				CLANG_WARN_RANGE_LOOP_ANALYSIS = YES;
				CLANG_WARN_STRICT_PROTOTYPES = YES;
				CLANG_WARN_SUSPICIOUS_MOVE = YES;
				CLANG_WARN_UNGUARDED_AVAILABILITY = YES_AGGRESSIVE;
				CLANG_WARN_UNREACHABLE_CODE = YES;
				CLANG_WARN__DUPLICATE_METHOD_MATCH = YES;
				COPY_PHASE_STRIP = NO;
				DEBUG_INFORMATION_FORMAT = "dwarf-with-dsym";
				ENABLE_NS_ASSERTIONS = NO;
				ENABLE_STRICT_OBJC_MSGSEND = YES;
				ENABLE_USER_SCRIPT_SANDBOXING = YES;
				GCC_C_LANGUAGE_STANDARD = gnu17;
				GCC_NO_COMMON_BLOCKS = YES;
				GCC_WARN_64_TO_32_BIT_CONVERSION = YES;
				GCC_WARN_ABOUT_RETURN_TYPE = YES_ERROR;
				GCC_WARN_UNDECLARED_SELECTOR = YES;
				GCC_WARN_UNINITIALIZED_AUTOS = YES_AGGRESSIVE;
				GCC_WARN_UNUSED_FUNCTION = YES;
				GCC_WARN_UNUSED_VARIABLE = YES;
				IPHONEOS_DEPLOYMENT_TARGET = 18.2;
				LOCALIZATION_PREFERS_STRING_CATALOGS = YES;
				MTL_ENABLE_DEBUG_INFO = NO;
				MTL_FAST_MATH = YES;
				SDKROOT = iphoneos;
				SWIFT_COMPILATION_MODE = wholemodule;
				VALIDATE_PRODUCT = YES;
			};
			name = Release;
		};
		20E723422DCF0B0B00DCDBAE /* Debug */ = {
			isa = XCBuildConfiguration;
			buildSettings = {
				ASSETCATALOG_COMPILER_APPICON_NAME = AppIcon;
				ASSETCATALOG_COMPILER_GLOBAL_ACCENT_COLOR_NAME = AccentColor;
				CODE_SIGN_STYLE = Automatic;
				CURRENT_PROJECT_VERSION = 1;
				DEVELOPMENT_ASSET_PATHS = "\"GitHubTestQuyenLy/Preview Content\"";
				DEVELOPMENT_TEAM = 9BM3266BZ3;
				ENABLE_PREVIEWS = YES;
				GENERATE_INFOPLIST_FILE = YES;
				INFOPLIST_KEY_UIApplicationSceneManifest_Generation = YES;
				INFOPLIST_KEY_UIApplicationSupportsIndirectInputEvents = YES;
				INFOPLIST_KEY_UILaunchScreen_Generation = YES;
				INFOPLIST_KEY_UISupportedInterfaceOrientations_iPad = "UIInterfaceOrientationPortrait UIInterfaceOrientationPortraitUpsideDown UIInterfaceOrientationLandscapeLeft UIInterfaceOrientationLandscapeRight";
				INFOPLIST_KEY_UISupportedInterfaceOrientations_iPhone = "UIInterfaceOrientationPortrait UIInterfaceOrientationLandscapeLeft UIInterfaceOrientationLandscapeRight";
				IPHONEOS_DEPLOYMENT_TARGET = 17.0;
				LD_RUNPATH_SEARCH_PATHS = (
					"$(inherited)",
					"@executable_path/Frameworks",
				);
				MARKETING_VERSION = 1.0;
				PRODUCT_BUNDLE_IDENTIFIER = quyenly.GitHubTestQuyenLy;
				PRODUCT_NAME = "$(TARGET_NAME)";
				SWIFT_EMIT_LOC_STRINGS = YES;
				SWIFT_VERSION = 5.0;
				TARGETED_DEVICE_FAMILY = "1,2";
			};
			name = Debug;
		};
		20E723432DCF0B0B00DCDBAE /* Release */ = {
			isa = XCBuildConfiguration;
			buildSettings = {
				ASSETCATALOG_COMPILER_APPICON_NAME = AppIcon;
				ASSETCATALOG_COMPILER_GLOBAL_ACCENT_COLOR_NAME = AccentColor;
				CODE_SIGN_STYLE = Automatic;
				CURRENT_PROJECT_VERSION = 1;
				DEVELOPMENT_ASSET_PATHS = "\"GitHubTestQuyenLy/Preview Content\"";
				DEVELOPMENT_TEAM = 9BM3266BZ3;
				ENABLE_PREVIEWS = YES;
				GENERATE_INFOPLIST_FILE = YES;
				INFOPLIST_KEY_UIApplicationSceneManifest_Generation = YES;
				INFOPLIST_KEY_UIApplicationSupportsIndirectInputEvents = YES;
				INFOPLIST_KEY_UILaunchScreen_Generation = YES;
				INFOPLIST_KEY_UISupportedInterfaceOrientations_iPad = "UIInterfaceOrientationPortrait UIInterfaceOrientationPortraitUpsideDown UIInterfaceOrientationLandscapeLeft UIInterfaceOrientationLandscapeRight";
				INFOPLIST_KEY_UISupportedInterfaceOrientations_iPhone = "UIInterfaceOrientationPortrait UIInterfaceOrientationLandscapeLeft UIInterfaceOrientationLandscapeRight";
				IPHONEOS_DEPLOYMENT_TARGET = 17.0;
				LD_RUNPATH_SEARCH_PATHS = (
					"$(inherited)",
					"@executable_path/Frameworks",
				);
				MARKETING_VERSION = 1.0;
				PRODUCT_BUNDLE_IDENTIFIER = quyenly.GitHubTestQuyenLy;
				PRODUCT_NAME = "$(TARGET_NAME)";
				SWIFT_EMIT_LOC_STRINGS = YES;
				SWIFT_VERSION = 5.0;
				TARGETED_DEVICE_FAMILY = "1,2";
			};
			name = Release;
		};
		20E723452DCF0B0B00DCDBAE /* Debug */ = {
			isa = XCBuildConfiguration;
			buildSettings = {
				BUNDLE_LOADER = "$(TEST_HOST)";
				CODE_SIGN_STYLE = Automatic;
				CURRENT_PROJECT_VERSION = 1;
				DEVELOPMENT_TEAM = 9BM3266BZ3;
				GENERATE_INFOPLIST_FILE = YES;
				IPHONEOS_DEPLOYMENT_TARGET = 18.2;
				MARKETING_VERSION = 1.0;
				PRODUCT_BUNDLE_IDENTIFIER = quyenly.GitHubTestQuyenLyTests;
				PRODUCT_NAME = "$(TARGET_NAME)";
				SWIFT_EMIT_LOC_STRINGS = NO;
				SWIFT_VERSION = 5.0;
				TARGETED_DEVICE_FAMILY = "1,2";
				TEST_HOST = "$(BUILT_PRODUCTS_DIR)/GitHubTestQuyenLy.app/$(BUNDLE_EXECUTABLE_FOLDER_PATH)/GitHubTestQuyenLy";
			};
			name = Debug;
		};
		20E723462DCF0B0B00DCDBAE /* Release */ = {
			isa = XCBuildConfiguration;
			buildSettings = {
				BUNDLE_LOADER = "$(TEST_HOST)";
				CODE_SIGN_STYLE = Automatic;
				CURRENT_PROJECT_VERSION = 1;
				DEVELOPMENT_TEAM = 9BM3266BZ3;
				GENERATE_INFOPLIST_FILE = YES;
				IPHONEOS_DEPLOYMENT_TARGET = 18.2;
				MARKETING_VERSION = 1.0;
				PRODUCT_BUNDLE_IDENTIFIER = quyenly.GitHubTestQuyenLyTests;
				PRODUCT_NAME = "$(TARGET_NAME)";
				SWIFT_EMIT_LOC_STRINGS = NO;
				SWIFT_VERSION = 5.0;
				TARGETED_DEVICE_FAMILY = "1,2";
				TEST_HOST = "$(BUILT_PRODUCTS_DIR)/GitHubTestQuyenLy.app/$(BUNDLE_EXECUTABLE_FOLDER_PATH)/GitHubTestQuyenLy";
			};
			name = Release;
		};
		20E723482DCF0B0B00DCDBAE /* Debug */ = {
			isa = XCBuildConfiguration;
			buildSettings = {
				CODE_SIGN_STYLE = Automatic;
				CURRENT_PROJECT_VERSION = 1;
				DEVELOPMENT_TEAM = 9BM3266BZ3;
				GENERATE_INFOPLIST_FILE = YES;
				MARKETING_VERSION = 1.0;
				PRODUCT_BUNDLE_IDENTIFIER = quyenly.GitHubTestQuyenLyUITests;
				PRODUCT_NAME = "$(TARGET_NAME)";
				SWIFT_EMIT_LOC_STRINGS = NO;
				SWIFT_VERSION = 5.0;
				TARGETED_DEVICE_FAMILY = "1,2";
				TEST_TARGET_NAME = GitHubTestQuyenLy;
			};
			name = Debug;
		};
		20E723492DCF0B0B00DCDBAE /* Release */ = {
			isa = XCBuildConfiguration;
			buildSettings = {
				CODE_SIGN_STYLE = Automatic;
				CURRENT_PROJECT_VERSION = 1;
				DEVELOPMENT_TEAM = 9BM3266BZ3;
				GENERATE_INFOPLIST_FILE = YES;
				MARKETING_VERSION = 1.0;
				PRODUCT_BUNDLE_IDENTIFIER = quyenly.GitHubTestQuyenLyUITests;
				PRODUCT_NAME = "$(TARGET_NAME)";
				SWIFT_EMIT_LOC_STRINGS = NO;
				SWIFT_VERSION = 5.0;
				TARGETED_DEVICE_FAMILY = "1,2";
				TEST_TARGET_NAME = GitHubTestQuyenLy;
			};
			name = Release;
		};
/* End XCBuildConfiguration section */

/* Begin XCConfigurationList section */
		20E723182DCF0B0A00DCDBAE /* Build configuration list for PBXProject "GitHubTestQuyenLy" */ = {
			isa = XCConfigurationList;
			buildConfigurations = (
				20E7233F2DCF0B0B00DCDBAE /* Debug */,
				20E723402DCF0B0B00DCDBAE /* Release */,
			);
			defaultConfigurationIsVisible = 0;
			defaultConfigurationName = Release;
		};
		20E723412DCF0B0B00DCDBAE /* Build configuration list for PBXNativeTarget "GitHubTestQuyenLy" */ = {
			isa = XCConfigurationList;
			buildConfigurations = (
				20E723422DCF0B0B00DCDBAE /* Debug */,
				20E723432DCF0B0B00DCDBAE /* Release */,
			);
			defaultConfigurationIsVisible = 0;
			defaultConfigurationName = Release;
		};
		20E723442DCF0B0B00DCDBAE /* Build configuration list for PBXNativeTarget "GitHubTestQuyenLyTests" */ = {
			isa = XCConfigurationList;
			buildConfigurations = (
				20E723452DCF0B0B00DCDBAE /* Debug */,
				20E723462DCF0B0B00DCDBAE /* Release */,
			);
			defaultConfigurationIsVisible = 0;
			defaultConfigurationName = Release;
		};
		20E723472DCF0B0B00DCDBAE /* Build configuration list for PBXNativeTarget "GitHubTestQuyenLyUITests" */ = {
			isa = XCConfigurationList;
			buildConfigurations = (
				20E723482DCF0B0B00DCDBAE /* Debug */,
				20E723492DCF0B0B00DCDBAE /* Release */,
			);
			defaultConfigurationIsVisible = 0;
			defaultConfigurationName = Release;
		};
/* End XCConfigurationList section */

/* Begin XCSwiftPackageProductDependency section */
		20E723E92DCF211900DCDBAE /* Data */ = {
			isa = XCSwiftPackageProductDependency;
			productName = Data;
		};
		20E723EB2DCF211900DCDBAE /* Domain */ = {
			isa = XCSwiftPackageProductDependency;
			productName = Domain;
		};
		20E723ED2DCF211900DCDBAE /* Presentation */ = {
			isa = XCSwiftPackageProductDependency;
			productName = Presentation;
		};
/* End XCSwiftPackageProductDependency section */
	};
	rootObject = 20E723152DCF0B0A00DCDBAE /* Project object */;
}
